
Microsoft Visual Studio Solution File, Format Version 12.00
# Visual Studio Version 16
VisualStudioVersion = 16.0.29613.14
MinimumVisualStudioVersion = 10.0.40219.1
Project("{9A19103F-16F7-4668-BE54-9A1E7A4F7556}") = "SchoolReportSystem", "SchoolReportSystem.csproj", "{464F5FC8-D696-4CC8-8D0F-AFE72665E81F}"
EndProject
Project("{2150E333-8FDC-42A3-9474-1A3956D46DE8}") = "Solution Items", "Solution Items", "{676D51F4-F84A-4FA0-ABFF-B86123D1350B}"
	ProjectSection(SolutionItems) = preProject
		.editorconfig = .editorconfig
	EndProjectSection
EndProject
Project("{9A19103F-16F7-4668-BE54-9A1E7A4F7556}") = "SchoolReportSystemTests", "..\SchoolReportSystemTests\SchoolReportSystemTests.csproj", "{DC1CEB3C-F36F-480C-9FD6-CFDF619D4CB4}"
EndProject
Global
	GlobalSection(SolutionConfigurationPlatforms) = preSolution
		Debug|Any CPU = Debug|Any CPU
		Release|Any CPU = Release|Any CPU
	EndGlobalSection
	GlobalSection(ProjectConfigurationPlatforms) = postSolution
		{464F5FC8-D696-4CC8-8D0F-AFE72665E81F}.Debug|Any CPU.ActiveCfg = Debug|Any CPU
		{464F5FC8-D696-4CC8-8D0F-AFE72665E81F}.Debug|Any CPU.Build.0 = Debug|Any CPU
		{464F5FC8-D696-4CC8-8D0F-AFE72665E81F}.Release|Any CPU.ActiveCfg = Release|Any CPU
		{464F5FC8-D696-4CC8-8D0F-AFE72665E81F}.Release|Any CPU.Build.0 = Release|Any CPU
		{DC1CEB3C-F36F-480C-9FD6-CFDF619D4CB4}.Debug|Any CPU.ActiveCfg = Debug|Any CPU
		{DC1CEB3C-F36F-480C-9FD6-CFDF619D4CB4}.Debug|Any CPU.Build.0 = Debug|Any CPU
		{DC1CEB3C-F36F-480C-9FD6-CFDF619D4CB4}.Release|Any CPU.ActiveCfg = Release|Any CPU
		{DC1CEB3C-F36F-480C-9FD6-CFDF619D4CB4}.Release|Any CPU.Build.0 = Release|Any CPU
	EndGlobalSection
	GlobalSection(SolutionProperties) = preSolution
		HideSolutionNode = FALSE
	EndGlobalSection
	GlobalSection(ExtensibilityGlobals) = postSolution
		SolutionGuid = {707BAB6F-B0F4-4957-9F39-74C3F9512C17}
	EndGlobalSection
EndGlobal
